
Microsoft Visual Studio Solution File, Format Version 12.00
# Visual Studio Version 16
VisualStudioVersion = 16.0.30503.244
MinimumVisualStudioVersion = 10.0.40219.1
Project("{FAE04EC0-301F-11D3-BF4B-00C04F79EFBC}") = "QuanLyKhachSan", "QuanLyKhachSan.csproj", "{9FDA153E-89FD-4BC0-888A-5C19DB6EA20E}"
EndProject
Global
	GlobalSection(SolutionConfigurationPlatforms) = preSolution
		Debug|Any CPU = Debug|Any CPU
		Release|Any CPU = Release|Any CPU
	EndGlobalSection
	GlobalSection(ProjectConfigurationPlatforms) = postSolution
		{9FDA153E-89FD-4BC0-888A-5C19DB6EA20E}.Debug|Any CPU.ActiveCfg = Debug|Any CPU
		{9FDA153E-89FD-4BC0-888A-5C19DB6EA20E}.Debug|Any CPU.Build.0 = Debug|Any CPU
		{9FDA153E-89FD-4BC0-888A-5C19DB6EA20E}.Release|Any CPU.ActiveCfg = Release|Any CPU
		{9FDA153E-89FD-4BC0-888A-5C19DB6EA20E}.Release|Any CPU.Build.0 = Release|Any CPU
	EndGlobalSection
	GlobalSection(SolutionProperties) = preSolution
		HideSolutionNode = FALSE
	EndGlobalSection
	GlobalSection(ExtensibilityGlobals) = postSolution
		SolutionGuid = {6180EF3C-EF9D-40CF-94CC-8A5E7CCC4522}
	EndGlobalSection
EndGlobal
